
Microsoft Visual Studio Solution File, Format Version 12.00
# Visual Studio Version 17
VisualStudioVersion = 17.8.34309.116
MinimumVisualStudioVersion = 10.0.40219.1
Project("{FAE04EC0-301F-11D3-BF4B-00C04F79EFBC}") = "WebApp_RazorPages_Architeture", "WebApp_RazorPages_Architeture\WebApp_RazorPages_Architeture.csproj", "{83A622B7-62AB-4FEA-9138-1890583E9C53}"
EndProject
Global
	GlobalSection(SolutionConfigurationPlatforms) = preSolution
		Debug|Any CPU = Debug|Any CPU
		Release|Any CPU = Release|Any CPU
	EndGlobalSection
	GlobalSection(ProjectConfigurationPlatforms) = postSolution
		{83A622B7-62AB-4FEA-9138-1890583E9C53}.Debug|Any CPU.ActiveCfg = Debug|Any CPU
		{83A622B7-62AB-4FEA-9138-1890583E9C53}.Debug|Any CPU.Build.0 = Debug|Any CPU
		{83A622B7-62AB-4FEA-9138-1890583E9C53}.Release|Any CPU.ActiveCfg = Release|Any CPU
		{83A622B7-62AB-4FEA-9138-1890583E9C53}.Release|Any CPU.Build.0 = Release|Any CPU
	EndGlobalSection
	GlobalSection(SolutionProperties) = preSolution
		HideSolutionNode = FALSE
	EndGlobalSection
	GlobalSection(ExtensibilityGlobals) = postSolution
		SolutionGuid = {FB6B038B-BA62-45AC-9E00-98A3D785C07A}
	EndGlobalSection
EndGlobal
